
Microsoft Visual Studio Solution File, Format Version 12.00
# Visual Studio 15
VisualStudioVersion = 15.0.27004.2005
MinimumVisualStudioVersion = 10.0.40219.1
Project("{FAE04EC0-301F-11D3-BF4B-00C04F79EFBC}") = "UCommerceTest", "UCommerceTest\UCommerceTest.csproj", "{E564EF6C-1395-4414-A8A0-22CBB2B28BC6}"
EndProject
Global
	GlobalSection(SolutionConfigurationPlatforms) = preSolution
		Debug|Any CPU = Debug|Any CPU
		Release|Any CPU = Release|Any CPU
	EndGlobalSection
	GlobalSection(ProjectConfigurationPlatforms) = postSolution
		{E564EF6C-1395-4414-A8A0-22CBB2B28BC6}.Debug|Any CPU.ActiveCfg = Debug|Any CPU
		{E564EF6C-1395-4414-A8A0-22CBB2B28BC6}.Debug|Any CPU.Build.0 = Debug|Any CPU
		{E564EF6C-1395-4414-A8A0-22CBB2B28BC6}.Release|Any CPU.ActiveCfg = Release|Any CPU
		{E564EF6C-1395-4414-A8A0-22CBB2B28BC6}.Release|Any CPU.Build.0 = Release|Any CPU
	EndGlobalSection
	GlobalSection(SolutionProperties) = preSolution
		HideSolutionNode = FALSE
	EndGlobalSection
	GlobalSection(ExtensibilityGlobals) = postSolution
		SolutionGuid = {DD76CFA5-A196-479B-98C3-980376CC025D}
	EndGlobalSection
EndGlobal
